
Microsoft Visual Studio Solution File, Format Version 12.00
# Visual Studio 15
VisualStudioVersion = 15.0.27130.2027
MinimumVisualStudioVersion = 10.0.40219.1
Project("{FAE04EC0-301F-11D3-BF4B-00C04F79EFBC}") = "EFArchitecture.App", "EFArchitecture.App\EFArchitecture.App.csproj", "{61F12B80-37FD-4ACE-8B9A-EBF5B1CEBE32}"
EndProject
Project("{FAE04EC0-301F-11D3-BF4B-00C04F79EFBC}") = "EFArchitecture.Data", "EFArchitecture.Data\EFArchitecture.Data.csproj", "{259FE8B9-CC4D-4382-AD79-2DDB476C15E9}"
EndProject
Project("{FAE04EC0-301F-11D3-BF4B-00C04F79EFBC}") = "EFArchitecture.Repositories", "EFArchitecture.Repositories\EFArchitecture.Repositories.csproj", "{00EB9BB4-AF68-4291-AE21-89827182176D}"
EndProject
Global
	GlobalSection(SolutionConfigurationPlatforms) = preSolution
		Debug|Any CPU = Debug|Any CPU
		Release|Any CPU = Release|Any CPU
	EndGlobalSection
	GlobalSection(ProjectConfigurationPlatforms) = postSolution
		{61F12B80-37FD-4ACE-8B9A-EBF5B1CEBE32}.Debug|Any CPU.ActiveCfg = Debug|Any CPU
		{61F12B80-37FD-4ACE-8B9A-EBF5B1CEBE32}.Debug|Any CPU.Build.0 = Debug|Any CPU
		{61F12B80-37FD-4ACE-8B9A-EBF5B1CEBE32}.Release|Any CPU.ActiveCfg = Release|Any CPU
		{61F12B80-37FD-4ACE-8B9A-EBF5B1CEBE32}.Release|Any CPU.Build.0 = Release|Any CPU
		{259FE8B9-CC4D-4382-AD79-2DDB476C15E9}.Debug|Any CPU.ActiveCfg = Debug|Any CPU
		{259FE8B9-CC4D-4382-AD79-2DDB476C15E9}.Debug|Any CPU.Build.0 = Debug|Any CPU
		{259FE8B9-CC4D-4382-AD79-2DDB476C15E9}.Release|Any CPU.ActiveCfg = Release|Any CPU
		{259FE8B9-CC4D-4382-AD79-2DDB476C15E9}.Release|Any CPU.Build.0 = Release|Any CPU
		{00EB9BB4-AF68-4291-AE21-89827182176D}.Debug|Any CPU.ActiveCfg = Debug|Any CPU
		{00EB9BB4-AF68-4291-AE21-89827182176D}.Debug|Any CPU.Build.0 = Debug|Any CPU
		{00EB9BB4-AF68-4291-AE21-89827182176D}.Release|Any CPU.ActiveCfg = Release|Any CPU
		{00EB9BB4-AF68-4291-AE21-89827182176D}.Release|Any CPU.Build.0 = Release|Any CPU
	EndGlobalSection
	GlobalSection(SolutionProperties) = preSolution
		HideSolutionNode = FALSE
	EndGlobalSection
	GlobalSection(ExtensibilityGlobals) = postSolution
		SolutionGuid = {EE199B73-5E9C-45C3-8779-FB0558860D1A}
	EndGlobalSection
EndGlobal
