
Microsoft Visual Studio Solution File, Format Version 12.00
# Visual Studio Version 17
VisualStudioVersion = 17.0.31912.275
MinimumVisualStudioVersion = 10.0.40219.1
Project("{9A19103F-16F7-4668-BE54-9A1E7A4F7556}") = "DdcWorkshop.WpfSampleNet6", "DdcWorkshop.WpfSampleNet6\DdcWorkshop.WpfSampleNet6.csproj", "{2FF57B32-A21F-4D01-8FD5-1EA0E2FC0C61}"
EndProject
Project("{9A19103F-16F7-4668-BE54-9A1E7A4F7556}") = "DdcWorkshop.WpfSampleLibrary", "DdcWorkshop.WpfSampleLibrary\DdcWorkshop.WpfSampleLibrary.csproj", "{47831E27-95DA-40B6-8DD6-FC23BC48769E}"
EndProject
Project("{9A19103F-16F7-4668-BE54-9A1E7A4F7556}") = "DdcWorkshop.WpfSampleNetFramework", "DdcWorkshop.WpfSampleNetFramework\DdcWorkshop.WpfSampleNetFramework.csproj", "{B5212475-D78E-4CE4-BCD0-5CB74C07BBA8}"
EndProject
Project("{9A19103F-16F7-4668-BE54-9A1E7A4F7556}") = "Test1", "Test1\Test1.csproj", "{1D4D55C4-6BB5-4933-A020-1DF7618A945D}"
EndProject
Project("{2150E333-8FDC-42A3-9474-1A3956D46DE8}") = "NET6.0", "NET6.0", "{802E22F6-CDC8-48BB-82E9-F1260356524A}"
EndProject
Project("{9A19103F-16F7-4668-BE54-9A1E7A4F7556}") = "DdcWorkshop.MvvmSample", "DdcWorkshop.MvvmSample\DdcWorkshop.MvvmSample.csproj", "{FE9A9A81-B713-4F06-A747-CD0D4766DB57}"
EndProject
Project("{FAE04EC0-301F-11D3-BF4B-00C04F79EFBC}") = "DdcWorkshop.Mvvm", "DdcWorkshop.Mvvm\DdcWorkshop.Mvvm.csproj", "{80FB97C4-C27F-423F-8F77-5A8A1C611494}"
EndProject
Project("{FAE04EC0-301F-11D3-BF4B-00C04F79EFBC}") = "DdcWorkshop.Mvvm.Validation", "DdcWorkshop.Mvvm.Validation\DdcWorkshop.Mvvm.Validation.csproj", "{F487DCF4-C019-47E8-9411-3C05ECEF1FC9}"
EndProject
Project("{FAE04EC0-301F-11D3-BF4B-00C04F79EFBC}") = "DdcWorkshop.Data", "DdcWorkshop.Data\DdcWorkshop.Data.csproj", "{0225767A-B9B8-416C-9F1F-C6B990D9E0B3}"
EndProject
Project("{FAE04EC0-301F-11D3-BF4B-00C04F79EFBC}") = "DdcWorkshop.Data.Contracts", "DdcWorkshop.Data.Contracts\DdcWorkshop.Data.Contracts.csproj", "{C80751DE-E652-47F7-A3A4-426569F62913}"
EndProject
Project("{FAE04EC0-301F-11D3-BF4B-00C04F79EFBC}") = "DdcWorkshop.DependencyInjection", "DdcWorkshop.DependencyInjection\DdcWorkshop.DependencyInjection.csproj", "{234D2CA8-09B9-466A-9400-7852AA09EF19}"
EndProject
Project("{FAE04EC0-301F-11D3-BF4B-00C04F79EFBC}") = "DdcWorkshop.Controls", "DdcWorkshop.Controls\DdcWorkshop.Controls.csproj", "{B8D398C9-E289-4D50-A21A-73A81DFF5282}"
EndProject
Project("{FAE04EC0-301F-11D3-BF4B-00C04F79EFBC}") = "DdcWorkshop.Main", "DdcWorkshop.Main\DdcWorkshop.Main.csproj", "{B8E8C062-08E2-4E49-88EB-61A8C5D082EB}"
EndProject
Project("{2150E333-8FDC-42A3-9474-1A3956D46DE8}") = "UI", "UI", "{B7341442-F1FB-4422-BF49-5C7B8B492375}"
EndProject
Project("{2150E333-8FDC-42A3-9474-1A3956D46DE8}") = "Core", "Core", "{431D5B77-6375-4153-8FFE-83B27F581A2A}"
EndProject
Project("{2150E333-8FDC-42A3-9474-1A3956D46DE8}") = "WPF Sample", "WPF Sample", "{19DC9DDD-E6E4-4D42-B236-F386A72AF376}"
EndProject
Project("{FAE04EC0-301F-11D3-BF4B-00C04F79EFBC}") = "DdcWorkshop.Status", "DdcWorkshop.Status\DdcWorkshop.Status.csproj", "{82ACE9B8-E73E-4240-BF1D-5CFD2AE38F4E}"
EndProject
Project("{FAE04EC0-301F-11D3-BF4B-00C04F79EFBC}") = "DdcWorkshop.Status.Contracts", "DdcWorkshop.Status.Contracts\DdcWorkshop.Status.Contracts.csproj", "{8DFC1FBB-902E-4359-9969-4C3C79869CF2}"
EndProject
Global
	GlobalSection(SolutionConfigurationPlatforms) = preSolution
		Debug|Any CPU = Debug|Any CPU
		Release|Any CPU = Release|Any CPU
	EndGlobalSection
	GlobalSection(ProjectConfigurationPlatforms) = postSolution
		{2FF57B32-A21F-4D01-8FD5-1EA0E2FC0C61}.Debug|Any CPU.ActiveCfg = Debug|Any CPU
		{2FF57B32-A21F-4D01-8FD5-1EA0E2FC0C61}.Debug|Any CPU.Build.0 = Debug|Any CPU
		{2FF57B32-A21F-4D01-8FD5-1EA0E2FC0C61}.Release|Any CPU.ActiveCfg = Release|Any CPU
		{2FF57B32-A21F-4D01-8FD5-1EA0E2FC0C61}.Release|Any CPU.Build.0 = Release|Any CPU
		{47831E27-95DA-40B6-8DD6-FC23BC48769E}.Debug|Any CPU.ActiveCfg = Debug|Any CPU
		{47831E27-95DA-40B6-8DD6-FC23BC48769E}.Debug|Any CPU.Build.0 = Debug|Any CPU
		{47831E27-95DA-40B6-8DD6-FC23BC48769E}.Release|Any CPU.ActiveCfg = Release|Any CPU
		{47831E27-95DA-40B6-8DD6-FC23BC48769E}.Release|Any CPU.Build.0 = Release|Any CPU
		{B5212475-D78E-4CE4-BCD0-5CB74C07BBA8}.Debug|Any CPU.ActiveCfg = Debug|Any CPU
		{B5212475-D78E-4CE4-BCD0-5CB74C07BBA8}.Debug|Any CPU.Build.0 = Debug|Any CPU
		{B5212475-D78E-4CE4-BCD0-5CB74C07BBA8}.Release|Any CPU.ActiveCfg = Release|Any CPU
		{B5212475-D78E-4CE4-BCD0-5CB74C07BBA8}.Release|Any CPU.Build.0 = Release|Any CPU
		{1D4D55C4-6BB5-4933-A020-1DF7618A945D}.Debug|Any CPU.ActiveCfg = Debug|Any CPU
		{1D4D55C4-6BB5-4933-A020-1DF7618A945D}.Debug|Any CPU.Build.0 = Debug|Any CPU
		{1D4D55C4-6BB5-4933-A020-1DF7618A945D}.Release|Any CPU.ActiveCfg = Release|Any CPU
		{1D4D55C4-6BB5-4933-A020-1DF7618A945D}.Release|Any CPU.Build.0 = Release|Any CPU
		{FE9A9A81-B713-4F06-A747-CD0D4766DB57}.Debug|Any CPU.ActiveCfg = Debug|Any CPU
		{FE9A9A81-B713-4F06-A747-CD0D4766DB57}.Debug|Any CPU.Build.0 = Debug|Any CPU
		{FE9A9A81-B713-4F06-A747-CD0D4766DB57}.Release|Any CPU.ActiveCfg = Release|Any CPU
		{FE9A9A81-B713-4F06-A747-CD0D4766DB57}.Release|Any CPU.Build.0 = Release|Any CPU
		{80FB97C4-C27F-423F-8F77-5A8A1C611494}.Debug|Any CPU.ActiveCfg = Debug|Any CPU
		{80FB97C4-C27F-423F-8F77-5A8A1C611494}.Debug|Any CPU.Build.0 = Debug|Any CPU
		{80FB97C4-C27F-423F-8F77-5A8A1C611494}.Release|Any CPU.ActiveCfg = Release|Any CPU
		{80FB97C4-C27F-423F-8F77-5A8A1C611494}.Release|Any CPU.Build.0 = Release|Any CPU
		{F487DCF4-C019-47E8-9411-3C05ECEF1FC9}.Debug|Any CPU.ActiveCfg = Debug|Any CPU
		{F487DCF4-C019-47E8-9411-3C05ECEF1FC9}.Debug|Any CPU.Build.0 = Debug|Any CPU
		{F487DCF4-C019-47E8-9411-3C05ECEF1FC9}.Release|Any CPU.ActiveCfg = Release|Any CPU
		{F487DCF4-C019-47E8-9411-3C05ECEF1FC9}.Release|Any CPU.Build.0 = Release|Any CPU
		{0225767A-B9B8-416C-9F1F-C6B990D9E0B3}.Debug|Any CPU.ActiveCfg = Debug|Any CPU
		{0225767A-B9B8-416C-9F1F-C6B990D9E0B3}.Debug|Any CPU.Build.0 = Debug|Any CPU
		{0225767A-B9B8-416C-9F1F-C6B990D9E0B3}.Release|Any CPU.ActiveCfg = Release|Any CPU
		{0225767A-B9B8-416C-9F1F-C6B990D9E0B3}.Release|Any CPU.Build.0 = Release|Any CPU
		{C80751DE-E652-47F7-A3A4-426569F62913}.Debug|Any CPU.ActiveCfg = Debug|Any CPU
		{C80751DE-E652-47F7-A3A4-426569F62913}.Debug|Any CPU.Build.0 = Debug|Any CPU
		{C80751DE-E652-47F7-A3A4-426569F62913}.Release|Any CPU.ActiveCfg = Release|Any CPU
		{C80751DE-E652-47F7-A3A4-426569F62913}.Release|Any CPU.Build.0 = Release|Any CPU
		{234D2CA8-09B9-466A-9400-7852AA09EF19}.Debug|Any CPU.ActiveCfg = Debug|Any CPU
		{234D2CA8-09B9-466A-9400-7852AA09EF19}.Debug|Any CPU.Build.0 = Debug|Any CPU
		{234D2CA8-09B9-466A-9400-7852AA09EF19}.Release|Any CPU.ActiveCfg = Release|Any CPU
		{234D2CA8-09B9-466A-9400-7852AA09EF19}.Release|Any CPU.Build.0 = Release|Any CPU
		{B8D398C9-E289-4D50-A21A-73A81DFF5282}.Debug|Any CPU.ActiveCfg = Debug|Any CPU
		{B8D398C9-E289-4D50-A21A-73A81DFF5282}.Debug|Any CPU.Build.0 = Debug|Any CPU
		{B8D398C9-E289-4D50-A21A-73A81DFF5282}.Release|Any CPU.ActiveCfg = Release|Any CPU
		{B8D398C9-E289-4D50-A21A-73A81DFF5282}.Release|Any CPU.Build.0 = Release|Any CPU
		{B8E8C062-08E2-4E49-88EB-61A8C5D082EB}.Debug|Any CPU.ActiveCfg = Debug|Any CPU
		{B8E8C062-08E2-4E49-88EB-61A8C5D082EB}.Debug|Any CPU.Build.0 = Debug|Any CPU
		{B8E8C062-08E2-4E49-88EB-61A8C5D082EB}.Release|Any CPU.ActiveCfg = Release|Any CPU
		{B8E8C062-08E2-4E49-88EB-61A8C5D082EB}.Release|Any CPU.Build.0 = Release|Any CPU
		{82ACE9B8-E73E-4240-BF1D-5CFD2AE38F4E}.Debug|Any CPU.ActiveCfg = Debug|Any CPU
		{82ACE9B8-E73E-4240-BF1D-5CFD2AE38F4E}.Debug|Any CPU.Build.0 = Debug|Any CPU
		{82ACE9B8-E73E-4240-BF1D-5CFD2AE38F4E}.Release|Any CPU.ActiveCfg = Release|Any CPU
		{82ACE9B8-E73E-4240-BF1D-5CFD2AE38F4E}.Release|Any CPU.Build.0 = Release|Any CPU
		{8DFC1FBB-902E-4359-9969-4C3C79869CF2}.Debug|Any CPU.ActiveCfg = Debug|Any CPU
		{8DFC1FBB-902E-4359-9969-4C3C79869CF2}.Debug|Any CPU.Build.0 = Debug|Any CPU
		{8DFC1FBB-902E-4359-9969-4C3C79869CF2}.Release|Any CPU.ActiveCfg = Release|Any CPU
		{8DFC1FBB-902E-4359-9969-4C3C79869CF2}.Release|Any CPU.Build.0 = Release|Any CPU
	EndGlobalSection
	GlobalSection(SolutionProperties) = preSolution
		HideSolutionNode = FALSE
	EndGlobalSection
	GlobalSection(NestedProjects) = preSolution
		{2FF57B32-A21F-4D01-8FD5-1EA0E2FC0C61} = {802E22F6-CDC8-48BB-82E9-F1260356524A}
		{47831E27-95DA-40B6-8DD6-FC23BC48769E} = {802E22F6-CDC8-48BB-82E9-F1260356524A}
		{B5212475-D78E-4CE4-BCD0-5CB74C07BBA8} = {802E22F6-CDC8-48BB-82E9-F1260356524A}
		{1D4D55C4-6BB5-4933-A020-1DF7618A945D} = {802E22F6-CDC8-48BB-82E9-F1260356524A}
		{FE9A9A81-B713-4F06-A747-CD0D4766DB57} = {19DC9DDD-E6E4-4D42-B236-F386A72AF376}
		{80FB97C4-C27F-423F-8F77-5A8A1C611494} = {431D5B77-6375-4153-8FFE-83B27F581A2A}
		{F487DCF4-C019-47E8-9411-3C05ECEF1FC9} = {431D5B77-6375-4153-8FFE-83B27F581A2A}
		{0225767A-B9B8-416C-9F1F-C6B990D9E0B3} = {431D5B77-6375-4153-8FFE-83B27F581A2A}
		{C80751DE-E652-47F7-A3A4-426569F62913} = {431D5B77-6375-4153-8FFE-83B27F581A2A}
		{234D2CA8-09B9-466A-9400-7852AA09EF19} = {431D5B77-6375-4153-8FFE-83B27F581A2A}
		{B8D398C9-E289-4D50-A21A-73A81DFF5282} = {431D5B77-6375-4153-8FFE-83B27F581A2A}
		{B8E8C062-08E2-4E49-88EB-61A8C5D082EB} = {B7341442-F1FB-4422-BF49-5C7B8B492375}
		{B7341442-F1FB-4422-BF49-5C7B8B492375} = {19DC9DDD-E6E4-4D42-B236-F386A72AF376}
		{431D5B77-6375-4153-8FFE-83B27F581A2A} = {19DC9DDD-E6E4-4D42-B236-F386A72AF376}
		{82ACE9B8-E73E-4240-BF1D-5CFD2AE38F4E} = {B7341442-F1FB-4422-BF49-5C7B8B492375}
		{8DFC1FBB-902E-4359-9969-4C3C79869CF2} = {B7341442-F1FB-4422-BF49-5C7B8B492375}
	EndGlobalSection
	GlobalSection(ExtensibilityGlobals) = postSolution
		SolutionGuid = {48A7380A-49EC-4215-85A4-9F2429AAB362}
	EndGlobalSection
EndGlobal
