
Microsoft Visual Studio Solution File, Format Version 12.00
# Visual Studio 15
VisualStudioVersion = 15.0.27703.2026
MinimumVisualStudioVersion = 10.0.40219.1
Project("{FAE04EC0-301F-11D3-BF4B-00C04F79EFBC}") = "EF6Sample1", "EF6Sample1\EF6Sample1.csproj", "{3C4C1DC2-DE7C-44BC-B813-BF51899241F9}"
EndProject
Project("{FAE04EC0-301F-11D3-BF4B-00C04F79EFBC}") = "EFCoreSample1", "EFCoreSample1\EFCoreSample1.csproj", "{BB42BF34-1CDA-41E5-BC07-5C506BBF723A}"
EndProject
Project("{FAE04EC0-301F-11D3-BF4B-00C04F79EFBC}") = "EFCoreSample2", "EFCoreSample2\EFCoreSample2.csproj", "{F152CE82-5A63-4B9B-8AEB-02BDE830C394}"
EndProject
Global
	GlobalSection(SolutionConfigurationPlatforms) = preSolution
		Debug|Any CPU = Debug|Any CPU
		Release|Any CPU = Release|Any CPU
	EndGlobalSection
	GlobalSection(ProjectConfigurationPlatforms) = postSolution
		{3C4C1DC2-DE7C-44BC-B813-BF51899241F9}.Debug|Any CPU.ActiveCfg = Debug|Any CPU
		{3C4C1DC2-DE7C-44BC-B813-BF51899241F9}.Debug|Any CPU.Build.0 = Debug|Any CPU
		{3C4C1DC2-DE7C-44BC-B813-BF51899241F9}.Release|Any CPU.ActiveCfg = Release|Any CPU
		{3C4C1DC2-DE7C-44BC-B813-BF51899241F9}.Release|Any CPU.Build.0 = Release|Any CPU
		{BB42BF34-1CDA-41E5-BC07-5C506BBF723A}.Debug|Any CPU.ActiveCfg = Debug|Any CPU
		{BB42BF34-1CDA-41E5-BC07-5C506BBF723A}.Debug|Any CPU.Build.0 = Debug|Any CPU
		{BB42BF34-1CDA-41E5-BC07-5C506BBF723A}.Release|Any CPU.ActiveCfg = Release|Any CPU
		{BB42BF34-1CDA-41E5-BC07-5C506BBF723A}.Release|Any CPU.Build.0 = Release|Any CPU
		{F152CE82-5A63-4B9B-8AEB-02BDE830C394}.Debug|Any CPU.ActiveCfg = Debug|Any CPU
		{F152CE82-5A63-4B9B-8AEB-02BDE830C394}.Debug|Any CPU.Build.0 = Debug|Any CPU
		{F152CE82-5A63-4B9B-8AEB-02BDE830C394}.Release|Any CPU.ActiveCfg = Release|Any CPU
		{F152CE82-5A63-4B9B-8AEB-02BDE830C394}.Release|Any CPU.Build.0 = Release|Any CPU
	EndGlobalSection
	GlobalSection(SolutionProperties) = preSolution
		HideSolutionNode = FALSE
	EndGlobalSection
	GlobalSection(ExtensibilityGlobals) = postSolution
		SolutionGuid = {CE03B0CD-3F0B-4525-97D5-26F9F1BBA237}
	EndGlobalSection
EndGlobal
