
Microsoft Visual Studio Solution File, Format Version 12.00
# Visual Studio Version 17
VisualStudioVersion = 17.9.34728.123
MinimumVisualStudioVersion = 10.0.40219.1
Project("{9A19103F-16F7-4668-BE54-9A1E7A4F7556}") = "Dwx2024AspNetCore", "Dwx2024AspNetCore\Dwx2024AspNetCore.csproj", "{B5393E87-D67C-4E1B-A793-DC95102576A6}"
EndProject
Project("{9A19103F-16F7-4668-BE54-9A1E7A4F7556}") = "Dwx2024AspNetCore.Client", "Dwx2024AspNetCore.Client\Dwx2024AspNetCore.Client.csproj", "{BA613618-8D96-4990-BC74-0EE7D78D7EBB}"
EndProject
Project("{FAE04EC0-301F-11D3-BF4B-00C04F79EFBC}") = "Dwx2024AspNetCore.ConsoleApp", "Dwx2024AspNetCore.ConsoleApp\Dwx2024AspNetCore.ConsoleApp.csproj", "{3F5E7177-3638-4DE2-9940-ACE8183FA319}"
EndProject
Project("{FAE04EC0-301F-11D3-BF4B-00C04F79EFBC}") = "Dwx2024AspNetCore.BlazorApp", "Dwx2024AspNetCore.BlazorApp\Dwx2024AspNetCore.BlazorApp.csproj", "{AF756A46-FFCD-43F8-B695-B2102C89F63B}"
EndProject
Global
	GlobalSection(SolutionConfigurationPlatforms) = preSolution
		Debug|Any CPU = Debug|Any CPU
		Release|Any CPU = Release|Any CPU
	EndGlobalSection
	GlobalSection(ProjectConfigurationPlatforms) = postSolution
		{B5393E87-D67C-4E1B-A793-DC95102576A6}.Debug|Any CPU.ActiveCfg = Debug|Any CPU
		{B5393E87-D67C-4E1B-A793-DC95102576A6}.Debug|Any CPU.Build.0 = Debug|Any CPU
		{B5393E87-D67C-4E1B-A793-DC95102576A6}.Release|Any CPU.ActiveCfg = Release|Any CPU
		{B5393E87-D67C-4E1B-A793-DC95102576A6}.Release|Any CPU.Build.0 = Release|Any CPU
		{BA613618-8D96-4990-BC74-0EE7D78D7EBB}.Debug|Any CPU.ActiveCfg = Debug|Any CPU
		{BA613618-8D96-4990-BC74-0EE7D78D7EBB}.Debug|Any CPU.Build.0 = Debug|Any CPU
		{BA613618-8D96-4990-BC74-0EE7D78D7EBB}.Release|Any CPU.ActiveCfg = Release|Any CPU
		{BA613618-8D96-4990-BC74-0EE7D78D7EBB}.Release|Any CPU.Build.0 = Release|Any CPU
		{3F5E7177-3638-4DE2-9940-ACE8183FA319}.Debug|Any CPU.ActiveCfg = Debug|Any CPU
		{3F5E7177-3638-4DE2-9940-ACE8183FA319}.Debug|Any CPU.Build.0 = Debug|Any CPU
		{3F5E7177-3638-4DE2-9940-ACE8183FA319}.Release|Any CPU.ActiveCfg = Release|Any CPU
		{3F5E7177-3638-4DE2-9940-ACE8183FA319}.Release|Any CPU.Build.0 = Release|Any CPU
		{AF756A46-FFCD-43F8-B695-B2102C89F63B}.Debug|Any CPU.ActiveCfg = Debug|Any CPU
		{AF756A46-FFCD-43F8-B695-B2102C89F63B}.Debug|Any CPU.Build.0 = Debug|Any CPU
		{AF756A46-FFCD-43F8-B695-B2102C89F63B}.Release|Any CPU.ActiveCfg = Release|Any CPU
		{AF756A46-FFCD-43F8-B695-B2102C89F63B}.Release|Any CPU.Build.0 = Release|Any CPU
	EndGlobalSection
	GlobalSection(SolutionProperties) = preSolution
		HideSolutionNode = FALSE
	EndGlobalSection
EndGlobal
