
Microsoft Visual Studio Solution File, Format Version 12.00
Project("{FAE04EC0-301F-11D3-BF4B-00C04F79EFBC}") = "EfCoreSample", "EfCoreSample\EfCoreSample.csproj", "{7AED893A-11D9-4A49-8BB7-A7451CC0D866}"
EndProject
Global
	GlobalSection(SolutionConfigurationPlatforms) = preSolution
		Debug|Any CPU = Debug|Any CPU
		Release|Any CPU = Release|Any CPU
	EndGlobalSection
	GlobalSection(ProjectConfigurationPlatforms) = postSolution
		{7AED893A-11D9-4A49-8BB7-A7451CC0D866}.Debug|Any CPU.ActiveCfg = Debug|Any CPU
		{7AED893A-11D9-4A49-8BB7-A7451CC0D866}.Debug|Any CPU.Build.0 = Debug|Any CPU
		{7AED893A-11D9-4A49-8BB7-A7451CC0D866}.Release|Any CPU.ActiveCfg = Release|Any CPU
		{7AED893A-11D9-4A49-8BB7-A7451CC0D866}.Release|Any CPU.Build.0 = Release|Any CPU
	EndGlobalSection
EndGlobal
