
Microsoft Visual Studio Solution File, Format Version 12.00
# Visual Studio Version 17
VisualStudioVersion = 17.3.32611.2
MinimumVisualStudioVersion = 10.0.40219.1
Project("{FAE04EC0-301F-11D3-BF4B-00C04F79EFBC}") = "CSharpSample", "CSharpSample\CSharpSample.csproj", "{C345791C-6A17-4B82-9017-C17A0060D2EA}"
EndProject
Global
	GlobalSection(SolutionConfigurationPlatforms) = preSolution
		Debug|Any CPU = Debug|Any CPU
		Release|Any CPU = Release|Any CPU
	EndGlobalSection
	GlobalSection(ProjectConfigurationPlatforms) = postSolution
		{C345791C-6A17-4B82-9017-C17A0060D2EA}.Debug|Any CPU.ActiveCfg = Debug|Any CPU
		{C345791C-6A17-4B82-9017-C17A0060D2EA}.Debug|Any CPU.Build.0 = Debug|Any CPU
		{C345791C-6A17-4B82-9017-C17A0060D2EA}.Release|Any CPU.ActiveCfg = Release|Any CPU
		{C345791C-6A17-4B82-9017-C17A0060D2EA}.Release|Any CPU.Build.0 = Release|Any CPU
	EndGlobalSection
	GlobalSection(SolutionProperties) = preSolution
		HideSolutionNode = FALSE
	EndGlobalSection
	GlobalSection(ExtensibilityGlobals) = postSolution
		SolutionGuid = {822D6B1A-F77F-4A7F-A792-EA54CF78D2ED}
	EndGlobalSection
EndGlobal
