
Microsoft Visual Studio Solution File, Format Version 12.00
# Visual Studio 15
VisualStudioVersion = 15.0.27004.2009
MinimumVisualStudioVersion = 10.0.40219.1
Project("{FAE04EC0-301F-11D3-BF4B-00C04F79EFBC}") = "EFSample.EF6", "EFSample.EF6\EFSample.EF6.csproj", "{1031F65F-5A4D-4AF8-B2F1-95BB685A0D89}"
EndProject
Project("{FAE04EC0-301F-11D3-BF4B-00C04F79EFBC}") = "EFSample.EFCore", "EFSample.EFCore\EFSample.EFCore.csproj", "{E0112E70-C9CD-4B51-81C9-0475BEF61A16}"
EndProject
Project("{FAE04EC0-301F-11D3-BF4B-00C04F79EFBC}") = "EFSample.Entities", "EFSample.Entities\EFSample.Entities.csproj", "{03E33F3B-0E11-49B3-9344-7D26CF7EA2C6}"
EndProject
Global
	GlobalSection(SolutionConfigurationPlatforms) = preSolution
		Debug|Any CPU = Debug|Any CPU
		Release|Any CPU = Release|Any CPU
	EndGlobalSection
	GlobalSection(ProjectConfigurationPlatforms) = postSolution
		{1031F65F-5A4D-4AF8-B2F1-95BB685A0D89}.Debug|Any CPU.ActiveCfg = Debug|Any CPU
		{1031F65F-5A4D-4AF8-B2F1-95BB685A0D89}.Debug|Any CPU.Build.0 = Debug|Any CPU
		{1031F65F-5A4D-4AF8-B2F1-95BB685A0D89}.Release|Any CPU.ActiveCfg = Release|Any CPU
		{1031F65F-5A4D-4AF8-B2F1-95BB685A0D89}.Release|Any CPU.Build.0 = Release|Any CPU
		{E0112E70-C9CD-4B51-81C9-0475BEF61A16}.Debug|Any CPU.ActiveCfg = Debug|Any CPU
		{E0112E70-C9CD-4B51-81C9-0475BEF61A16}.Debug|Any CPU.Build.0 = Debug|Any CPU
		{E0112E70-C9CD-4B51-81C9-0475BEF61A16}.Release|Any CPU.ActiveCfg = Release|Any CPU
		{E0112E70-C9CD-4B51-81C9-0475BEF61A16}.Release|Any CPU.Build.0 = Release|Any CPU
		{03E33F3B-0E11-49B3-9344-7D26CF7EA2C6}.Debug|Any CPU.ActiveCfg = Debug|Any CPU
		{03E33F3B-0E11-49B3-9344-7D26CF7EA2C6}.Debug|Any CPU.Build.0 = Debug|Any CPU
		{03E33F3B-0E11-49B3-9344-7D26CF7EA2C6}.Release|Any CPU.ActiveCfg = Release|Any CPU
		{03E33F3B-0E11-49B3-9344-7D26CF7EA2C6}.Release|Any CPU.Build.0 = Release|Any CPU
	EndGlobalSection
	GlobalSection(SolutionProperties) = preSolution
		HideSolutionNode = FALSE
	EndGlobalSection
	GlobalSection(ExtensibilityGlobals) = postSolution
		SolutionGuid = {9C218D6F-FFCA-4880-8612-F9AC902A69DE}
	EndGlobalSection
EndGlobal
