
Microsoft Visual Studio Solution File, Format Version 12.00
# Visual Studio 14
VisualStudioVersion = 14.0.24720.0
MinimumVisualStudioVersion = 10.0.40219.1
Project("{FAE04EC0-301F-11D3-BF4B-00C04F79EFBC}") = "NEtDayFranken", "NEtDayFranken\NEtDayFranken.csproj", "{D9A69F1D-12A0-4E27-BDF1-BD5AE88662FB}"
EndProject
Global
	GlobalSection(SolutionConfigurationPlatforms) = preSolution
		Debug|Any CPU = Debug|Any CPU
		Release|Any CPU = Release|Any CPU
	EndGlobalSection
	GlobalSection(ProjectConfigurationPlatforms) = postSolution
		{D9A69F1D-12A0-4E27-BDF1-BD5AE88662FB}.Debug|Any CPU.ActiveCfg = Debug|Any CPU
		{D9A69F1D-12A0-4E27-BDF1-BD5AE88662FB}.Debug|Any CPU.Build.0 = Debug|Any CPU
		{D9A69F1D-12A0-4E27-BDF1-BD5AE88662FB}.Release|Any CPU.ActiveCfg = Release|Any CPU
		{D9A69F1D-12A0-4E27-BDF1-BD5AE88662FB}.Release|Any CPU.Build.0 = Release|Any CPU
	EndGlobalSection
	GlobalSection(SolutionProperties) = preSolution
		HideSolutionNode = FALSE
	EndGlobalSection
EndGlobal
