
Microsoft Visual Studio Solution File, Format Version 12.00
# Visual Studio Version 16
VisualStudioVersion = 16.0.31205.134
MinimumVisualStudioVersion = 10.0.40219.1
Project("{FAE04EC0-301F-11D3-BF4B-00C04F79EFBC}") = "WdcBlazor", "WdcBlazor\WdcBlazor.csproj", "{3456DE68-D264-4B4D-9A73-2F1888A1667B}"
EndProject
Project("{FAE04EC0-301F-11D3-BF4B-00C04F79EFBC}") = "WdcBlazor.RclLibrary", "WdcBlazor.RclLibrary\WdcBlazor.RclLibrary.csproj", "{43DB4F8A-D485-4E6E-8F3E-0F013C480D27}"
EndProject
Project("{FAE04EC0-301F-11D3-BF4B-00C04F79EFBC}") = "WdcBlazor.WASM", "WdcBlazor.WASM\WdcBlazor.WASM.csproj", "{5EBDDF9E-962B-4B2B-998E-C5DCF0AA00A5}"
EndProject
Global
	GlobalSection(SolutionConfigurationPlatforms) = preSolution
		Debug|Any CPU = Debug|Any CPU
		Release|Any CPU = Release|Any CPU
	EndGlobalSection
	GlobalSection(ProjectConfigurationPlatforms) = postSolution
		{3456DE68-D264-4B4D-9A73-2F1888A1667B}.Debug|Any CPU.ActiveCfg = Debug|Any CPU
		{3456DE68-D264-4B4D-9A73-2F1888A1667B}.Debug|Any CPU.Build.0 = Debug|Any CPU
		{3456DE68-D264-4B4D-9A73-2F1888A1667B}.Release|Any CPU.ActiveCfg = Release|Any CPU
		{3456DE68-D264-4B4D-9A73-2F1888A1667B}.Release|Any CPU.Build.0 = Release|Any CPU
		{43DB4F8A-D485-4E6E-8F3E-0F013C480D27}.Debug|Any CPU.ActiveCfg = Debug|Any CPU
		{43DB4F8A-D485-4E6E-8F3E-0F013C480D27}.Debug|Any CPU.Build.0 = Debug|Any CPU
		{43DB4F8A-D485-4E6E-8F3E-0F013C480D27}.Release|Any CPU.ActiveCfg = Release|Any CPU
		{43DB4F8A-D485-4E6E-8F3E-0F013C480D27}.Release|Any CPU.Build.0 = Release|Any CPU
		{5EBDDF9E-962B-4B2B-998E-C5DCF0AA00A5}.Debug|Any CPU.ActiveCfg = Debug|Any CPU
		{5EBDDF9E-962B-4B2B-998E-C5DCF0AA00A5}.Debug|Any CPU.Build.0 = Debug|Any CPU
		{5EBDDF9E-962B-4B2B-998E-C5DCF0AA00A5}.Release|Any CPU.ActiveCfg = Release|Any CPU
		{5EBDDF9E-962B-4B2B-998E-C5DCF0AA00A5}.Release|Any CPU.Build.0 = Release|Any CPU
	EndGlobalSection
	GlobalSection(SolutionProperties) = preSolution
		HideSolutionNode = FALSE
	EndGlobalSection
	GlobalSection(ExtensibilityGlobals) = postSolution
		SolutionGuid = {952E27D6-1FAC-47D7-ACBC-C32ACA0C11EB}
	EndGlobalSection
EndGlobal
