
Microsoft Visual Studio Solution File, Format Version 12.00
# Visual Studio Version 16
VisualStudioVersion = 16.0.30503.244
MinimumVisualStudioVersion = 10.0.40219.1
Project("{9A19103F-16F7-4668-BE54-9A1E7A4F7556}") = "DDFWorkshopBlazor", "DDFWorkshopBlazor\DDFWorkshopBlazor.csproj", "{D85F7E14-A838-44E3-9790-4178E2B6ABFF}"
EndProject
Project("{FAE04EC0-301F-11D3-BF4B-00C04F79EFBC}") = "DDFWorkshop.UI", "DDFWorkshop.UI\DDFWorkshop.UI.csproj", "{6ECA2D03-CAD1-4E93-A9EC-895DCDC3A3F6}"
EndProject
Project("{FAE04EC0-301F-11D3-BF4B-00C04F79EFBC}") = "DDFWorkshop.WASM", "DDFWorkshop.WASM\DDFWorkshop.WASM.csproj", "{0BABFBE0-9A42-4E80-9BCC-982A13D3EFD6}"
EndProject
Project("{FAE04EC0-301F-11D3-BF4B-00C04F79EFBC}") = "DDFWorkshop.API", "DDFWorkshop.API\DDFWorkshop.API.csproj", "{9362B4AF-EF1F-481F-A779-F4DF7401AB4A}"
EndProject
Global
	GlobalSection(SolutionConfigurationPlatforms) = preSolution
		Debug|Any CPU = Debug|Any CPU
		Release|Any CPU = Release|Any CPU
	EndGlobalSection
	GlobalSection(ProjectConfigurationPlatforms) = postSolution
		{D85F7E14-A838-44E3-9790-4178E2B6ABFF}.Debug|Any CPU.ActiveCfg = Debug|Any CPU
		{D85F7E14-A838-44E3-9790-4178E2B6ABFF}.Debug|Any CPU.Build.0 = Debug|Any CPU
		{D85F7E14-A838-44E3-9790-4178E2B6ABFF}.Release|Any CPU.ActiveCfg = Release|Any CPU
		{D85F7E14-A838-44E3-9790-4178E2B6ABFF}.Release|Any CPU.Build.0 = Release|Any CPU
		{6ECA2D03-CAD1-4E93-A9EC-895DCDC3A3F6}.Debug|Any CPU.ActiveCfg = Debug|Any CPU
		{6ECA2D03-CAD1-4E93-A9EC-895DCDC3A3F6}.Debug|Any CPU.Build.0 = Debug|Any CPU
		{6ECA2D03-CAD1-4E93-A9EC-895DCDC3A3F6}.Release|Any CPU.ActiveCfg = Release|Any CPU
		{6ECA2D03-CAD1-4E93-A9EC-895DCDC3A3F6}.Release|Any CPU.Build.0 = Release|Any CPU
		{0BABFBE0-9A42-4E80-9BCC-982A13D3EFD6}.Debug|Any CPU.ActiveCfg = Debug|Any CPU
		{0BABFBE0-9A42-4E80-9BCC-982A13D3EFD6}.Debug|Any CPU.Build.0 = Debug|Any CPU
		{0BABFBE0-9A42-4E80-9BCC-982A13D3EFD6}.Release|Any CPU.ActiveCfg = Release|Any CPU
		{0BABFBE0-9A42-4E80-9BCC-982A13D3EFD6}.Release|Any CPU.Build.0 = Release|Any CPU
		{9362B4AF-EF1F-481F-A779-F4DF7401AB4A}.Debug|Any CPU.ActiveCfg = Debug|Any CPU
		{9362B4AF-EF1F-481F-A779-F4DF7401AB4A}.Debug|Any CPU.Build.0 = Debug|Any CPU
		{9362B4AF-EF1F-481F-A779-F4DF7401AB4A}.Release|Any CPU.ActiveCfg = Release|Any CPU
		{9362B4AF-EF1F-481F-A779-F4DF7401AB4A}.Release|Any CPU.Build.0 = Release|Any CPU
	EndGlobalSection
	GlobalSection(SolutionProperties) = preSolution
		HideSolutionNode = FALSE
	EndGlobalSection
	GlobalSection(ExtensibilityGlobals) = postSolution
		SolutionGuid = {E5454F5B-259E-4BF2-8B88-DF05A38FE133}
	EndGlobalSection
EndGlobal
