
Microsoft Visual Studio Solution File, Format Version 12.00
# Visual Studio Version 17
VisualStudioVersion = 17.0.31912.275
MinimumVisualStudioVersion = 10.0.40219.1
Project("{FAE04EC0-301F-11D3-BF4B-00C04F79EFBC}") = "Profiling.Api", "src\Profiling.Api\Profiling.Api.csproj", "{9178451B-D0FC-4594-9621-5D7D04CFD3AB}"
EndProject
Global
	GlobalSection(SolutionConfigurationPlatforms) = preSolution
		Debug|Any CPU = Debug|Any CPU
		Release|Any CPU = Release|Any CPU
	EndGlobalSection
	GlobalSection(ProjectConfigurationPlatforms) = postSolution
		{9178451B-D0FC-4594-9621-5D7D04CFD3AB}.Debug|Any CPU.ActiveCfg = Debug|Any CPU
		{9178451B-D0FC-4594-9621-5D7D04CFD3AB}.Debug|Any CPU.Build.0 = Debug|Any CPU
		{9178451B-D0FC-4594-9621-5D7D04CFD3AB}.Release|Any CPU.ActiveCfg = Release|Any CPU
		{9178451B-D0FC-4594-9621-5D7D04CFD3AB}.Release|Any CPU.Build.0 = Release|Any CPU
	EndGlobalSection
	GlobalSection(SolutionProperties) = preSolution
		HideSolutionNode = FALSE
	EndGlobalSection
	GlobalSection(ExtensibilityGlobals) = postSolution
		SolutionGuid = {C38315AD-83AE-4BDB-82D4-68CC65E77FA0}
	EndGlobalSection
EndGlobal
