
Microsoft Visual Studio Solution File, Format Version 12.00
# Visual Studio 15
VisualStudioVersion = 15.0.27703.2026
MinimumVisualStudioVersion = 10.0.40219.1
Project("{FAE04EC0-301F-11D3-BF4B-00C04F79EFBC}") = "HelloBlazor", "HelloBlazor\HelloBlazor.csproj", "{92C39830-0089-4D46-94F6-12248FC4A679}"
EndProject
Global
	GlobalSection(SolutionConfigurationPlatforms) = preSolution
		Debug|Any CPU = Debug|Any CPU
		Release|Any CPU = Release|Any CPU
	EndGlobalSection
	GlobalSection(ProjectConfigurationPlatforms) = postSolution
		{92C39830-0089-4D46-94F6-12248FC4A679}.Debug|Any CPU.ActiveCfg = Debug|Any CPU
		{92C39830-0089-4D46-94F6-12248FC4A679}.Debug|Any CPU.Build.0 = Debug|Any CPU
		{92C39830-0089-4D46-94F6-12248FC4A679}.Release|Any CPU.ActiveCfg = Release|Any CPU
		{92C39830-0089-4D46-94F6-12248FC4A679}.Release|Any CPU.Build.0 = Release|Any CPU
	EndGlobalSection
	GlobalSection(SolutionProperties) = preSolution
		HideSolutionNode = FALSE
	EndGlobalSection
	GlobalSection(ExtensibilityGlobals) = postSolution
		SolutionGuid = {4F338E2C-AF9E-4FE0-A0F2-F3DEF6992F53}
	EndGlobalSection
EndGlobal
