
Microsoft Visual Studio Solution File, Format Version 12.00
# Visual Studio Version 16
VisualStudioVersion = 16.0.29519.87
MinimumVisualStudioVersion = 10.0.40219.1
Project("{FAE04EC0-301F-11D3-BF4B-00C04F79EFBC}") = "DDCSharp", "DDCSharp\DDCSharp.csproj", "{B7A936C0-80F6-4C23-84B3-F26BE0CB7294}"
EndProject
Project("{FAE04EC0-301F-11D3-BF4B-00C04F79EFBC}") = "DDCSharpNetFramework", "DDCSharpNetFramework\DDCSharpNetFramework.csproj", "{FA8C2237-5883-49E1-AAF4-D6518CE19294}"
EndProject
Global
	GlobalSection(SolutionConfigurationPlatforms) = preSolution
		Debug|Any CPU = Debug|Any CPU
		Release|Any CPU = Release|Any CPU
	EndGlobalSection
	GlobalSection(ProjectConfigurationPlatforms) = postSolution
		{B7A936C0-80F6-4C23-84B3-F26BE0CB7294}.Debug|Any CPU.ActiveCfg = Debug|Any CPU
		{B7A936C0-80F6-4C23-84B3-F26BE0CB7294}.Debug|Any CPU.Build.0 = Debug|Any CPU
		{B7A936C0-80F6-4C23-84B3-F26BE0CB7294}.Release|Any CPU.ActiveCfg = Release|Any CPU
		{B7A936C0-80F6-4C23-84B3-F26BE0CB7294}.Release|Any CPU.Build.0 = Release|Any CPU
		{FA8C2237-5883-49E1-AAF4-D6518CE19294}.Debug|Any CPU.ActiveCfg = Debug|Any CPU
		{FA8C2237-5883-49E1-AAF4-D6518CE19294}.Debug|Any CPU.Build.0 = Debug|Any CPU
		{FA8C2237-5883-49E1-AAF4-D6518CE19294}.Release|Any CPU.ActiveCfg = Release|Any CPU
		{FA8C2237-5883-49E1-AAF4-D6518CE19294}.Release|Any CPU.Build.0 = Release|Any CPU
	EndGlobalSection
	GlobalSection(SolutionProperties) = preSolution
		HideSolutionNode = FALSE
	EndGlobalSection
	GlobalSection(ExtensibilityGlobals) = postSolution
		SolutionGuid = {14B5B7D5-B82E-4BEE-A5D1-2B50DC5E3343}
	EndGlobalSection
EndGlobal
