
Microsoft Visual Studio Solution File, Format Version 12.00
# Visual Studio Version 17
VisualStudioVersion = 17.8.34330.188
MinimumVisualStudioVersion = 10.0.40219.1
Project("{9A19103F-16F7-4668-BE54-9A1E7A4F7556}") = "CSharp1213", "CSharp1213\CSharp1213.csproj", "{5E237128-DE81-4619-B4F0-F7B81801D945}"
EndProject
Project("{FAE04EC0-301F-11D3-BF4B-00C04F79EFBC}") = "AotApi", "AotApi\AotApi.csproj", "{C4636B71-39AB-435B-855C-C6C83F233AFF}"
EndProject
Global
	GlobalSection(SolutionConfigurationPlatforms) = preSolution
		Debug|Any CPU = Debug|Any CPU
		Release|Any CPU = Release|Any CPU
	EndGlobalSection
	GlobalSection(ProjectConfigurationPlatforms) = postSolution
		{5E237128-DE81-4619-B4F0-F7B81801D945}.Debug|Any CPU.ActiveCfg = Debug|Any CPU
		{5E237128-DE81-4619-B4F0-F7B81801D945}.Debug|Any CPU.Build.0 = Debug|Any CPU
		{5E237128-DE81-4619-B4F0-F7B81801D945}.Release|Any CPU.ActiveCfg = Release|Any CPU
		{5E237128-DE81-4619-B4F0-F7B81801D945}.Release|Any CPU.Build.0 = Release|Any CPU
		{C4636B71-39AB-435B-855C-C6C83F233AFF}.Debug|Any CPU.ActiveCfg = Debug|Any CPU
		{C4636B71-39AB-435B-855C-C6C83F233AFF}.Debug|Any CPU.Build.0 = Debug|Any CPU
		{C4636B71-39AB-435B-855C-C6C83F233AFF}.Release|Any CPU.ActiveCfg = Release|Any CPU
		{C4636B71-39AB-435B-855C-C6C83F233AFF}.Release|Any CPU.Build.0 = Release|Any CPU
	EndGlobalSection
	GlobalSection(SolutionProperties) = preSolution
		HideSolutionNode = FALSE
	EndGlobalSection
EndGlobal
