
Microsoft Visual Studio Solution File, Format Version 12.00
# Visual Studio Version 16
VisualStudioVersion = 16.0.30413.136
MinimumVisualStudioVersion = 10.0.40219.1
Project("{9A19103F-16F7-4668-BE54-9A1E7A4F7556}") = "WDCWS", "WDCWS\WDCWS.csproj", "{4E450242-6BF3-4625-A0A1-0E4E59C40DAC}"
EndProject
Project("{FAE04EC0-301F-11D3-BF4B-00C04F79EFBC}") = "WDCWS.Blazor", "WDCWS.Blazor\WDCWS.Blazor.csproj", "{1F68DD0C-B35F-468C-B4FE-1F669E700EB2}"
EndProject
Project("{FAE04EC0-301F-11D3-BF4B-00C04F79EFBC}") = "WDCWS.WASM", "WDCWS.WASM\WDCWS.WASM.csproj", "{EF418E1B-E9F7-4AD3-BE3D-679176F70188}"
EndProject
Global
	GlobalSection(SolutionConfigurationPlatforms) = preSolution
		Debug|Any CPU = Debug|Any CPU
		Release|Any CPU = Release|Any CPU
	EndGlobalSection
	GlobalSection(ProjectConfigurationPlatforms) = postSolution
		{4E450242-6BF3-4625-A0A1-0E4E59C40DAC}.Debug|Any CPU.ActiveCfg = Debug|Any CPU
		{4E450242-6BF3-4625-A0A1-0E4E59C40DAC}.Debug|Any CPU.Build.0 = Debug|Any CPU
		{4E450242-6BF3-4625-A0A1-0E4E59C40DAC}.Release|Any CPU.ActiveCfg = Release|Any CPU
		{4E450242-6BF3-4625-A0A1-0E4E59C40DAC}.Release|Any CPU.Build.0 = Release|Any CPU
		{1F68DD0C-B35F-468C-B4FE-1F669E700EB2}.Debug|Any CPU.ActiveCfg = Debug|Any CPU
		{1F68DD0C-B35F-468C-B4FE-1F669E700EB2}.Debug|Any CPU.Build.0 = Debug|Any CPU
		{1F68DD0C-B35F-468C-B4FE-1F669E700EB2}.Release|Any CPU.ActiveCfg = Release|Any CPU
		{1F68DD0C-B35F-468C-B4FE-1F669E700EB2}.Release|Any CPU.Build.0 = Release|Any CPU
		{EF418E1B-E9F7-4AD3-BE3D-679176F70188}.Debug|Any CPU.ActiveCfg = Debug|Any CPU
		{EF418E1B-E9F7-4AD3-BE3D-679176F70188}.Debug|Any CPU.Build.0 = Debug|Any CPU
		{EF418E1B-E9F7-4AD3-BE3D-679176F70188}.Release|Any CPU.ActiveCfg = Release|Any CPU
		{EF418E1B-E9F7-4AD3-BE3D-679176F70188}.Release|Any CPU.Build.0 = Release|Any CPU
	EndGlobalSection
	GlobalSection(SolutionProperties) = preSolution
		HideSolutionNode = FALSE
	EndGlobalSection
	GlobalSection(ExtensibilityGlobals) = postSolution
		SolutionGuid = {684B4055-4376-40EA-B8CF-88E383BEB986}
	EndGlobalSection
EndGlobal
