
Microsoft Visual Studio Solution File, Format Version 12.00
# Visual Studio Version 16
VisualStudioVersion = 16.0.29519.87
MinimumVisualStudioVersion = 10.0.40219.1
Project("{FAE04EC0-301F-11D3-BF4B-00C04F79EFBC}") = "CSharpSample", "CSharpSample\CSharpSample.csproj", "{AF7AD573-BD8F-405C-95E6-8D82CECD158F}"
EndProject
Project("{FAE04EC0-301F-11D3-BF4B-00C04F79EFBC}") = "Runner", "Runner\Runner.csproj", "{C4B50828-A3D6-49E8-B72B-B0D0129E4B85}"
EndProject
Global
	GlobalSection(SolutionConfigurationPlatforms) = preSolution
		Debug|Any CPU = Debug|Any CPU
		Release|Any CPU = Release|Any CPU
	EndGlobalSection
	GlobalSection(ProjectConfigurationPlatforms) = postSolution
		{AF7AD573-BD8F-405C-95E6-8D82CECD158F}.Debug|Any CPU.ActiveCfg = Debug|Any CPU
		{AF7AD573-BD8F-405C-95E6-8D82CECD158F}.Debug|Any CPU.Build.0 = Debug|Any CPU
		{AF7AD573-BD8F-405C-95E6-8D82CECD158F}.Release|Any CPU.ActiveCfg = Release|Any CPU
		{AF7AD573-BD8F-405C-95E6-8D82CECD158F}.Release|Any CPU.Build.0 = Release|Any CPU
		{C4B50828-A3D6-49E8-B72B-B0D0129E4B85}.Debug|Any CPU.ActiveCfg = Debug|Any CPU
		{C4B50828-A3D6-49E8-B72B-B0D0129E4B85}.Debug|Any CPU.Build.0 = Debug|Any CPU
		{C4B50828-A3D6-49E8-B72B-B0D0129E4B85}.Release|Any CPU.ActiveCfg = Release|Any CPU
		{C4B50828-A3D6-49E8-B72B-B0D0129E4B85}.Release|Any CPU.Build.0 = Release|Any CPU
	EndGlobalSection
	GlobalSection(SolutionProperties) = preSolution
		HideSolutionNode = FALSE
	EndGlobalSection
	GlobalSection(ExtensibilityGlobals) = postSolution
		SolutionGuid = {86904025-63DD-4AE8-B061-F997EC04EA69}
	EndGlobalSection
EndGlobal
