
Microsoft Visual Studio Solution File, Format Version 12.00
Project("{FAE04EC0-301F-11D3-BF4B-00C04F79EFBC}") = "Ddc2024.AspNet", "Ddc2024.AspNet\Ddc2024.AspNet.csproj", "{3309076C-D3F4-46EC-9767-3628370649AD}"
EndProject
Project("{FAE04EC0-301F-11D3-BF4B-00C04F79EFBC}") = "WebApplication1", "WebApplication1\WebApplication1.csproj", "{E5135C90-19D3-44AF-B8DA-2AD28B8C281F}"
EndProject
Project("{FAE04EC0-301F-11D3-BF4B-00C04F79EFBC}") = "Ddc2024.Client", "Ddc2024.Client\Ddc2024.Client.csproj", "{9BC4FBF5-CC84-4D48-B7F4-9A7D96B05EBC}"
EndProject
Global
	GlobalSection(SolutionConfigurationPlatforms) = preSolution
		Debug|Any CPU = Debug|Any CPU
		Release|Any CPU = Release|Any CPU
	EndGlobalSection
	GlobalSection(ProjectConfigurationPlatforms) = postSolution
		{3309076C-D3F4-46EC-9767-3628370649AD}.Debug|Any CPU.ActiveCfg = Debug|Any CPU
		{3309076C-D3F4-46EC-9767-3628370649AD}.Debug|Any CPU.Build.0 = Debug|Any CPU
		{3309076C-D3F4-46EC-9767-3628370649AD}.Release|Any CPU.ActiveCfg = Release|Any CPU
		{3309076C-D3F4-46EC-9767-3628370649AD}.Release|Any CPU.Build.0 = Release|Any CPU
		{E5135C90-19D3-44AF-B8DA-2AD28B8C281F}.Debug|Any CPU.ActiveCfg = Debug|Any CPU
		{E5135C90-19D3-44AF-B8DA-2AD28B8C281F}.Debug|Any CPU.Build.0 = Debug|Any CPU
		{E5135C90-19D3-44AF-B8DA-2AD28B8C281F}.Release|Any CPU.ActiveCfg = Release|Any CPU
		{E5135C90-19D3-44AF-B8DA-2AD28B8C281F}.Release|Any CPU.Build.0 = Release|Any CPU
		{9BC4FBF5-CC84-4D48-B7F4-9A7D96B05EBC}.Debug|Any CPU.ActiveCfg = Debug|Any CPU
		{9BC4FBF5-CC84-4D48-B7F4-9A7D96B05EBC}.Debug|Any CPU.Build.0 = Debug|Any CPU
		{9BC4FBF5-CC84-4D48-B7F4-9A7D96B05EBC}.Release|Any CPU.ActiveCfg = Release|Any CPU
		{9BC4FBF5-CC84-4D48-B7F4-9A7D96B05EBC}.Release|Any CPU.Build.0 = Release|Any CPU
	EndGlobalSection
EndGlobal
